// !$*UTF8*$!
{
	archiveVersion = 1;
	classes = {
	};
	objectVersion = 77;
	objects = {

/* Begin PBXContainerItemProxy section */
		9853E4BF2DCB915A00F9A3D3 /* PBXContainerItemProxy */ = {
			isa = PBXContainerItemProxy;
			containerPortal = 9853E49D2DCB915800F9A3D3 /* Project object */;
			proxyType = 1;
			remoteGlobalIDString = 9853E4A42DCB915800F9A3D3;
			remoteInfo = Focus_Productivity;
		};
		9853E4C92DCB915A00F9A3D3 /* PBXContainerItemProxy */ = {
			isa = PBXContainerItemProxy;
			containerPortal = 9853E49D2DCB915800F9A3D3 /* Project object */;
			proxyType = 1;
			remoteGlobalIDString = 9853E4A42DCB915800F9A3D3;
			remoteInfo = Focus_Productivity;
		};
/* End PBXContainerItemProxy section */

/* Begin PBXFileReference section */
		9853E4A52DCB915800F9A3D3 /* Focus_Productivity.app */ = {isa = PBXFileReference; explicitFileType = wrapper.application; includeInIndex = 0; path = Focus_Productivity.app; sourceTree = BUILT_PRODUCTS_DIR; };
		9853E4BE2DCB915A00F9A3D3 /* Focus_ProductivityTests.xctest */ = {isa = PBXFileReference; explicitFileType = wrapper.cfbundle; includeInIndex = 0; path = Focus_ProductivityTests.xctest; sourceTree = BUILT_PRODUCTS_DIR; };
		9853E4C82DCB915A00F9A3D3 /* Focus_ProductivityUITests.xctest */ = {isa = PBXFileReference; explicitFileType = wrapper.cfbundle; includeInIndex = 0; path = Focus_ProductivityUITests.xctest; sourceTree = BUILT_PRODUCTS_DIR; };
/* End PBXFileReference section */

/* Begin PBXFileSystemSynchronizedBuildFileExceptionSet section */
		9853E4D02DCB915A00F9A3D3 /* Exceptions for "Focus_Productivity" folder in "Focus_Productivity" target */ = {
			isa = PBXFileSystemSynchronizedBuildFileExceptionSet;
			membershipExceptions = (
				Info.plist,
			);
			target = 9853E4A42DCB915800F9A3D3 /* Focus_Productivity */;
		};
/* End PBXFileSystemSynchronizedBuildFileExceptionSet section */

/* Begin PBXFileSystemSynchronizedRootGroup section */
		9853E4A72DCB915800F9A3D3 /* Focus_Productivity */ = {
			isa = PBXFileSystemSynchronizedRootGroup;
			exceptions = (
				9853E4D02DCB915A00F9A3D3 /* Exceptions for "Focus_Productivity" folder in "Focus_Productivity" target */,
			);
			path = Focus_Productivity;
			sourceTree = "<group>";
		};
		9853E4C12DCB915A00F9A3D3 /* Focus_ProductivityTests */ = {
			isa = PBXFileSystemSynchronizedRootGroup;
			path = Focus_ProductivityTests;
			sourceTree = "<group>";
		};
		9853E4CB2DCB915A00F9A3D3 /* Focus_ProductivityUITests */ = {
			isa = PBXFileSystemSynchronizedRootGroup;
			path = Focus_ProductivityUITests;
			sourceTree = "<group>";
		};
/* End PBXFileSystemSynchronizedRootGroup section */

/* Begin PBXFrameworksBuildPhase section */
		9853E4A22DCB915800F9A3D3 /* Frameworks */ = {
			isa = PBXFrameworksBuildPhase;
			buildActionMask = 2147483647;
			files = (
			);
			runOnlyForDeploymentPostprocessing = 0;
		};
		9853E4BB2DCB915A00F9A3D3 /* Frameworks */ = {
			isa = PBXFrameworksBuildPhase;
			buildActionMask = 2147483647;
			files = (
			);
			runOnlyForDeploymentPostprocessing = 0;
		};
		9853E4C52DCB915A00F9A3D3 /* Frameworks */ = {
			isa = PBXFrameworksBuildPhase;
			buildActionMask = 2147483647;
			files = (
			);
			runOnlyForDeploymentPostprocessing = 0;
		};
/* End PBXFrameworksBuildPhase section */

/* Begin PBXGroup section */
		9853E49C2DCB915800F9A3D3 = {
			isa = PBXGroup;
			children = (
				9853E4A72DCB915800F9A3D3 /* Focus_Productivity */,
				9853E4C12DCB915A00F9A3D3 /* Focus_ProductivityTests */,
				9853E4CB2DCB915A00F9A3D3 /* Focus_ProductivityUITests */,
				9853E4A62DCB915800F9A3D3 /* Products */,
			);
			sourceTree = "<group>";
		};
		9853E4A62DCB915800F9A3D3 /* Products */ = {
			isa = PBXGroup;
			children = (
				9853E4A52DCB915800F9A3D3 /* Focus_Productivity.app */,
				9853E4BE2DCB915A00F9A3D3 /* Focus_ProductivityTests.xctest */,
				9853E4C82DCB915A00F9A3D3 /* Focus_ProductivityUITests.xctest */,
			);
			name = Products;
			sourceTree = "<group>";
		};
/* End PBXGroup section */

/* Begin PBXNativeTarget section */
		9853E4A42DCB915800F9A3D3 /* Focus_Productivity */ = {
			isa = PBXNativeTarget;
			buildConfigurationList = 9853E4D12DCB915A00F9A3D3 /* Build configuration list for PBXNativeTarget "Focus_Productivity" */;
			buildPhases = (
				9853E4A12DCB915800F9A3D3 /* Sources */,
				9853E4A22DCB915800F9A3D3 /* Frameworks */,
				9853E4A32DCB915800F9A3D3 /* Resources */,
			);
			buildRules = (
			);
			dependencies = (
			);
			fileSystemSynchronizedGroups = (
				9853E4A72DCB915800F9A3D3 /* Focus_Productivity */,
			);
			name = Focus_Productivity;
			packageProductDependencies = (
			);
			productName = Focus_Productivity;
			productReference = 9853E4A52DCB915800F9A3D3 /* Focus_Productivity.app */;
			productType = "com.apple.product-type.application";
		};
		9853E4BD2DCB915A00F9A3D3 /* Focus_ProductivityTests */ = {
			isa = PBXNativeTarget;
			buildConfigurationList = 9853E4D62DCB915A00F9A3D3 /* Build configuration list for PBXNativeTarget "Focus_ProductivityTests" */;
			buildPhases = (
				9853E4BA2DCB915A00F9A3D3 /* Sources */,
				9853E4BB2DCB915A00F9A3D3 /* Frameworks */,
				9853E4BC2DCB915A00F9A3D3 /* Resources */,
			);
			buildRules = (
			);
			dependencies = (
				9853E4C02DCB915A00F9A3D3 /* PBXTargetDependency */,
			);
			fileSystemSynchronizedGroups = (
				9853E4C12DCB915A00F9A3D3 /* Focus_ProductivityTests */,
			);
			name = Focus_ProductivityTests;
			packageProductDependencies = (
			);
			productName = Focus_ProductivityTests;
			productReference = 9853E4BE2DCB915A00F9A3D3 /* Focus_ProductivityTests.xctest */;
			productType = "com.apple.product-type.bundle.unit-test";
		};
		9853E4C72DCB915A00F9A3D3 /* Focus_ProductivityUITests */ = {
			isa = PBXNativeTarget;
			buildConfigurationList = 9853E4D92DCB915A00F9A3D3 /* Build configuration list for PBXNativeTarget "Focus_ProductivityUITests" */;
			buildPhases = (
				9853E4C42DCB915A00F9A3D3 /* Sources */,
				9853E4C52DCB915A00F9A3D3 /* Frameworks */,
				9853E4C62DCB915A00F9A3D3 /* Resources */,
			);
			buildRules = (
			);
			dependencies = (
				9853E4CA2DCB915A00F9A3D3 /* PBXTargetDependency */,
			);
			fileSystemSynchronizedGroups = (
				9853E4CB2DCB915A00F9A3D3 /* Focus_ProductivityUITests */,
			);
			name = Focus_ProductivityUITests;
			packageProductDependencies = (
			);
			productName = Focus_ProductivityUITests;
			productReference = 9853E4C82DCB915A00F9A3D3 /* Focus_ProductivityUITests.xctest */;
			productType = "com.apple.product-type.bundle.ui-testing";
		};
/* End PBXNativeTarget section */

/* Begin PBXProject section */
		9853E49D2DCB915800F9A3D3 /* Project object */ = {
			isa = PBXProject;
			attributes = {
				BuildIndependentTargetsInParallel = 1;
				LastSwiftUpdateCheck = 1610;
				LastUpgradeCheck = 1610;
				TargetAttributes = {
					9853E4A42DCB915800F9A3D3 = {
						CreatedOnToolsVersion = 16.1;
					};
					9853E4BD2DCB915A00F9A3D3 = {
						CreatedOnToolsVersion = 16.1;
						TestTargetID = 9853E4A42DCB915800F9A3D3;
					};
					9853E4C72DCB915A00F9A3D3 = {
						CreatedOnToolsVersion = 16.1;
						TestTargetID = 9853E4A42DCB915800F9A3D3;
					};
				};
			};
			buildConfigurationList = 9853E4A02DCB915800F9A3D3 /* Build configuration list for PBXProject "Focus_Productivity" */;
			developmentRegion = en;
			hasScannedForEncodings = 0;
			knownRegions = (
				en,
				Base,
			);
			mainGroup = 9853E49C2DCB915800F9A3D3;
			minimizedProjectReferenceProxies = 1;
			preferredProjectObjectVersion = 77;
			productRefGroup = 9853E4A62DCB915800F9A3D3 /* Products */;
			projectDirPath = "";
			projectRoot = "";
			targets = (
				9853E4A42DCB915800F9A3D3 /* Focus_Productivity */,
				9853E4BD2DCB915A00F9A3D3 /* Focus_ProductivityTests */,
				9853E4C72DCB915A00F9A3D3 /* Focus_ProductivityUITests */,
			);
		};
/* End PBXProject section */

/* Begin PBXResourcesBuildPhase section */
		9853E4A32DCB915800F9A3D3 /* Resources */ = {
			isa = PBXResourcesBuildPhase;
			buildActionMask = 2147483647;
			files = (
			);
			runOnlyForDeploymentPostprocessing = 0;
		};
		9853E4BC2DCB915A00F9A3D3 /* Resources */ = {
			isa = PBXResourcesBuildPhase;
			buildActionMask = 2147483647;
			files = (
			);
			runOnlyForDeploymentPostprocessing = 0;
		};
		9853E4C62DCB915A00F9A3D3 /* Resources */ = {
			isa = PBXResourcesBuildPhase;
			buildActionMask = 2147483647;
			files = (
			);
			runOnlyForDeploymentPostprocessing = 0;
		};
/* End PBXResourcesBuildPhase section */

/* Begin PBXSourcesBuildPhase section */
		9853E4A12DCB915800F9A3D3 /* Sources */ = {
			isa = PBXSourcesBuildPhase;
			buildActionMask = 2147483647;
			files = (
			);
			runOnlyForDeploymentPostprocessing = 0;
		};
		9853E4BA2DCB915A00F9A3D3 /* Sources */ = {
			isa = PBXSourcesBuildPhase;
			buildActionMask = 2147483647;
			files = (
			);
			runOnlyForDeploymentPostprocessing = 0;
		};
		9853E4C42DCB915A00F9A3D3 /* Sources */ = {
			isa = PBXSourcesBuildPhase;
			buildActionMask = 2147483647;
			files = (
			);
			runOnlyForDeploymentPostprocessing = 0;
		};
/* End PBXSourcesBuildPhase section */

/* Begin PBXTargetDependency section */
		9853E4C02DCB915A00F9A3D3 /* PBXTargetDependency */ = {
			isa = PBXTargetDependency;
			target = 9853E4A42DCB915800F9A3D3 /* Focus_Productivity */;
			targetProxy = 9853E4BF2DCB915A00F9A3D3 /* PBXContainerItemProxy */;
		};
		9853E4CA2DCB915A00F9A3D3 /* PBXTargetDependency */ = {
			isa = PBXTargetDependency;
			target = 9853E4A42DCB915800F9A3D3 /* Focus_Productivity */;
			targetProxy = 9853E4C92DCB915A00F9A3D3 /* PBXContainerItemProxy */;
		};
/* End PBXTargetDependency section */

/* Begin XCBuildConfiguration section */
		9853E4D22DCB915A00F9A3D3 /* Debug */ = {
			isa = XCBuildConfiguration;
			buildSettings = {
				ASSETCATALOG_COMPILER_APPICON_NAME = AppIcon;
				ASSETCATALOG_COMPILER_GLOBAL_ACCENT_COLOR_NAME = AccentColor;
				CODE_SIGN_STYLE = Automatic;
				CURRENT_PROJECT_VERSION = 1;
				GENERATE_INFOPLIST_FILE = YES;
				INFOPLIST_FILE = Focus_Productivity/Info.plist;
				INFOPLIST_KEY_UIApplicationSupportsIndirectInputEvents = YES;
				INFOPLIST_KEY_UILaunchStoryboardName = LaunchScreen;
				INFOPLIST_KEY_UIMainStoryboardFile = Main;
				INFOPLIST_KEY_UISupportedInterfaceOrientations_iPad = "UIInterfaceOrientationPortrait UIInterfaceOrientationPortraitUpsideDown UIInterfaceOrientationLandscapeLeft UIInterfaceOrientationLandscapeRight";
				INFOPLIST_KEY_UISupportedInterfaceOrientations_iPhone = "UIInterfaceOrientationPortrait UIInterfaceOrientationLandscapeLeft UIInterfaceOrientationLandscapeRight";
				LD_RUNPATH_SEARCH_PATHS = (
					"$(inherited)",
					"@executable_path/Frameworks",
				);
				MARKETING_VERSION = 1.0;
				PRODUCT_BUNDLE_IDENTIFIER = "com.Focus-Productivity";
				PRODUCT_NAME = "$(TARGET_NAME)";
				SWIFT_EMIT_LOC_STRINGS = YES;
				SWIFT_VERSION = 5.0;
				TARGETED_DEVICE_FAMILY = "1,2";
			};
			name = Debug;
		};
		9853E4D32DCB915A00F9A3D3 /* Release */ = {
			isa = XCBuildConfiguration;
			buildSettings = {
				ASSETCATALOG_COMPILER_APPICON_NAME = AppIcon;
				ASSETCATALOG_COMPILER_GLOBAL_ACCENT_COLOR_NAME = AccentColor;
				CODE_SIGN_STYLE = Automatic;
				CURRENT_PROJECT_VERSION = 1;
				GENERATE_INFOPLIST_FILE = YES;
				INFOPLIST_FILE = Focus_Productivity/Info.plist;
				INFOPLIST_KEY_UIApplicationSupportsIndirectInputEvents = YES;
				INFOPLIST_KEY_UILaunchStoryboardName = LaunchScreen;
				INFOPLIST_KEY_UIMainStoryboardFile = Main;
				INFOPLIST_KEY_UISupportedInterfaceOrientations_iPad = "UIInterfaceOrientationPortrait UIInterfaceOrientationPortraitUpsideDown UIInterfaceOrientationLandscapeLeft UIInterfaceOrientationLandscapeRight";
				INFOPLIST_KEY_UISupportedInterfaceOrientations_iPhone = "UIInterfaceOrientationPortrait UIInterfaceOrientationLandscapeLeft UIInterfaceOrientationLandscapeRight";
				LD_RUNPATH_SEARCH_PATHS = (
					"$(inherited)",
					"@executable_path/Frameworks",
				);
				MARKETING_VERSION = 1.0;
				PRODUCT_BUNDLE_IDENTIFIER = "com.Focus-Productivity";
				PRODUCT_NAME = "$(TARGET_NAME)";
				SWIFT_EMIT_LOC_STRINGS = YES;
				SWIFT_VERSION = 5.0;
				TARGETED_DEVICE_FAMILY = "1,2";
			};
			name = Release;
		};
		9853E4D42DCB915A00F9A3D3 /* Debug */ = {
			isa = XCBuildConfiguration;
			buildSettings = {
				ALWAYS_SEARCH_USER_PATHS = NO;
				ASSETCATALOG_COMPILER_GENERATE_SWIFT_ASSET_SYMBOL_EXTENSIONS = YES;
				CLANG_ANALYZER_NONNULL = YES;
				CLANG_ANALYZER_NUMBER_OBJECT_CONVERSION = YES_AGGRESSIVE;
				CLANG_CXX_LANGUAGE_STANDARD = "gnu++20";
				CLANG_ENABLE_MODULES = YES;
				CLANG_ENABLE_OBJC_ARC = YES;
				CLANG_ENABLE_OBJC_WEAK = YES;
				CLANG_WARN_BLOCK_CAPTURE_AUTORELEASING = YES;
				CLANG_WARN_BOOL_CONVERSION = YES;
				CLANG_WARN_COMMA = YES;
				CLANG_WARN_CONSTANT_CONVERSION = YES;
				CLANG_WARN_DEPRECATED_OBJC_IMPLEMENTATIONS = YES;
				CLANG_WARN_DIRECT_OBJC_ISA_USAGE = YES_ERROR;
				CLANG_WARN_DOCUMENTATION_COMMENTS = YES;
				CLANG_WARN_EMPTY_BODY = YES;
				CLANG_WARN_ENUM_CONVERSION = YES;
				CLANG_WARN_INFINITE_RECURSION = YES;
				CLANG_WARN_INT_CONVERSION = YES;
				CLANG_WARN_NON_LITERAL_NULL_CONVERSION = YES;
				CLANG_WARN_OBJC_IMPLICIT_RETAIN_SELF = YES;
				CLANG_WARN_OBJC_LITERAL_CONVERSION = YES;
				CLANG_WARN_OBJC_ROOT_CLASS = YES_ERROR;
				CLANG_WARN_QUOTED_INCLUDE_IN_FRAMEWORK_HEADER = YES;
				CLANG_WARN_RANGE_LOOP_ANALYSIS = YES;
				CLANG_WARN_STRICT_PROTOTYPES = YES;
				CLANG_WARN_SUSPICIOUS_MOVE = YES;
				CLANG_WARN_UNGUARDED_AVAILABILITY = YES_AGGRESSIVE;
				CLANG_WARN_UNREACHABLE_CODE = YES;
				CLANG_WARN__DUPLICATE_METHOD_MATCH = YES;
				COPY_PHASE_STRIP = NO;
				DEBUG_INFORMATION_FORMAT = dwarf;
				ENABLE_STRICT_OBJC_MSGSEND = YES;
				ENABLE_TESTABILITY = YES;
				ENABLE_USER_SCRIPT_SANDBOXING = YES;
				GCC_C_LANGUAGE_STANDARD = gnu17;
				GCC_DYNAMIC_NO_PIC = NO;
				GCC_NO_COMMON_BLOCKS = YES;
				GCC_OPTIMIZATION_LEVEL = 0;
				GCC_PREPROCESSOR_DEFINITIONS = (
					"DEBUG=1",
					"$(inherited)",
				);
				GCC_WARN_64_TO_32_BIT_CONVERSION = YES;
				GCC_WARN_ABOUT_RETURN_TYPE = YES_ERROR;
				GCC_WARN_UNDECLARED_SELECTOR = YES;
				GCC_WARN_UNINITIALIZED_AUTOS = YES_AGGRESSIVE;
				GCC_WARN_UNUSED_FUNCTION = YES;
				GCC_WARN_UNUSED_VARIABLE = YES;
				IPHONEOS_DEPLOYMENT_TARGET = 18.1;
				LOCALIZATION_PREFERS_STRING_CATALOGS = YES;
				MTL_ENABLE_DEBUG_INFO = INCLUDE_SOURCE;
				MTL_FAST_MATH = YES;
				ONLY_ACTIVE_ARCH = YES;
				SDKROOT = iphoneos;
				SWIFT_ACTIVE_COMPILATION_CONDITIONS = "DEBUG $(inherited)";
				SWIFT_OPTIMIZATION_LEVEL = "-Onone";
			};
			name = Debug;
		};
		9853E4D52DCB915A00F9A3D3 /* Release */ = {
			isa = XCBuildConfiguration;
			buildSettings = {
				ALWAYS_SEARCH_USER_PATHS = NO;
				ASSETCATALOG_COMPILER_GENERATE_SWIFT_ASSET_SYMBOL_EXTENSIONS = YES;
				CLANG_ANALYZER_NONNULL = YES;
				CLANG_ANALYZER_NUMBER_OBJECT_CONVERSION = YES_AGGRESSIVE;
				CLANG_CXX_LANGUAGE_STANDARD = "gnu++20";
				CLANG_ENABLE_MODULES = YES;
				CLANG_ENABLE_OBJC_ARC = YES;
				CLANG_ENABLE_OBJC_WEAK = YES;
				CLANG_WARN_BLOCK_CAPTURE_AUTORELEASING = YES;
				CLANG_WARN_BOOL_CONVERSION = YES;
				CLANG_WARN_COMMA = YES;
				CLANG_WARN_CONSTANT_CONVERSION = YES;
				CLANG_WARN_DEPRECATED_OBJC_IMPLEMENTATIONS = YES;
				CLANG_WARN_DIRECT_OBJC_ISA_USAGE = YES_ERROR;
				CLANG_WARN_DOCUMENTATION_COMMENTS = YES;
				CLANG_WARN_EMPTY_BODY = YES;
				CLANG_WARN_ENUM_CONVERSION = YES;
				CLANG_WARN_INFINITE_RECURSION = YES;
				CLANG_WARN_INT_CONVERSION = YES;
				CLANG_WARN_NON_LITERAL_NULL_CONVERSION = YES;
				CLANG_WARN_OBJC_IMPLICIT_RETAIN_SELF = YES;
				CLANG_WARN_OBJC_LITERAL_CONVERSION = YES;
				CLANG_WARN_OBJC_ROOT_CLASS = YES_ERROR;
				CLANG_WARN_QUOTED_INCLUDE_IN_FRAMEWORK_HEADER = YES;
				CLANG_WARN_RANGE_LOOP_ANALYSIS = YES;
				CLANG_WARN_STRICT_PROTOTYPES = YES;
				CLANG_WARN_SUSPICIOUS_MOVE = YES;
				CLANG_WARN_UNGUARDED_AVAILABILITY = YES_AGGRESSIVE;
				CLANG_WARN_UNREACHABLE_CODE = YES;
				CLANG_WARN__DUPLICATE_METHOD_MATCH = YES;
				COPY_PHASE_STRIP = NO;
				DEBUG_INFORMATION_FORMAT = "dwarf-with-dsym";
				ENABLE_NS_ASSERTIONS = NO;
				ENABLE_STRICT_OBJC_MSGSEND = YES;
				ENABLE_USER_SCRIPT_SANDBOXING = YES;
				GCC_C_LANGUAGE_STANDARD = gnu17;
				GCC_NO_COMMON_BLOCKS = YES;
				GCC_WARN_64_TO_32_BIT_CONVERSION = YES;
				GCC_WARN_ABOUT_RETURN_TYPE = YES_ERROR;
				GCC_WARN_UNDECLARED_SELECTOR = YES;
				GCC_WARN_UNINITIALIZED_AUTOS = YES_AGGRESSIVE;
				GCC_WARN_UNUSED_FUNCTION = YES;
				GCC_WARN_UNUSED_VARIABLE = YES;
				IPHONEOS_DEPLOYMENT_TARGET = 18.1;
				LOCALIZATION_PREFERS_STRING_CATALOGS = YES;
				MTL_ENABLE_DEBUG_INFO = NO;
				MTL_FAST_MATH = YES;
				SDKROOT = iphoneos;
				SWIFT_COMPILATION_MODE = wholemodule;
				VALIDATE_PRODUCT = YES;
			};
			name = Release;
		};
		9853E4D72DCB915A00F9A3D3 /* Debug */ = {
			isa = XCBuildConfiguration;
			buildSettings = {
				BUNDLE_LOADER = "$(TEST_HOST)";
				CODE_SIGN_STYLE = Automatic;
				CURRENT_PROJECT_VERSION = 1;
				GENERATE_INFOPLIST_FILE = YES;
				IPHONEOS_DEPLOYMENT_TARGET = 18.1;
				MARKETING_VERSION = 1.0;
				PRODUCT_BUNDLE_IDENTIFIER = "com.Focus-ProductivityTests";
				PRODUCT_NAME = "$(TARGET_NAME)";
				SWIFT_EMIT_LOC_STRINGS = NO;
				SWIFT_VERSION = 5.0;
				TARGETED_DEVICE_FAMILY = "1,2";
				TEST_HOST = "$(BUILT_PRODUCTS_DIR)/Focus_Productivity.app/$(BUNDLE_EXECUTABLE_FOLDER_PATH)/Focus_Productivity";
			};
			name = Debug;
		};
		9853E4D82DCB915A00F9A3D3 /* Release */ = {
			isa = XCBuildConfiguration;
			buildSettings = {
				BUNDLE_LOADER = "$(TEST_HOST)";
				CODE_SIGN_STYLE = Automatic;
				CURRENT_PROJECT_VERSION = 1;
				GENERATE_INFOPLIST_FILE = YES;
				IPHONEOS_DEPLOYMENT_TARGET = 18.1;
				MARKETING_VERSION = 1.0;
				PRODUCT_BUNDLE_IDENTIFIER = "com.Focus-ProductivityTests";
				PRODUCT_NAME = "$(TARGET_NAME)";
				SWIFT_EMIT_LOC_STRINGS = NO;
				SWIFT_VERSION = 5.0;
				TARGETED_DEVICE_FAMILY = "1,2";
				TEST_HOST = "$(BUILT_PRODUCTS_DIR)/Focus_Productivity.app/$(BUNDLE_EXECUTABLE_FOLDER_PATH)/Focus_Productivity";
			};
			name = Release;
		};
		9853E4DA2DCB915A00F9A3D3 /* Debug */ = {
			isa = XCBuildConfiguration;
			buildSettings = {
				CODE_SIGN_STYLE = Automatic;
				CURRENT_PROJECT_VERSION = 1;
				GENERATE_INFOPLIST_FILE = YES;
				MARKETING_VERSION = 1.0;
				PRODUCT_BUNDLE_IDENTIFIER = "com.Focus-ProductivityUITests";
				PRODUCT_NAME = "$(TARGET_NAME)";
				SWIFT_EMIT_LOC_STRINGS = NO;
				SWIFT_VERSION = 5.0;
				TARGETED_DEVICE_FAMILY = "1,2";
				TEST_TARGET_NAME = Focus_Productivity;
			};
			name = Debug;
		};
		9853E4DB2DCB915A00F9A3D3 /* Release */ = {
			isa = XCBuildConfiguration;
			buildSettings = {
				CODE_SIGN_STYLE = Automatic;
				CURRENT_PROJECT_VERSION = 1;
				GENERATE_INFOPLIST_FILE = YES;
				MARKETING_VERSION = 1.0;
				PRODUCT_BUNDLE_IDENTIFIER = "com.Focus-ProductivityUITests";
				PRODUCT_NAME = "$(TARGET_NAME)";
				SWIFT_EMIT_LOC_STRINGS = NO;
				SWIFT_VERSION = 5.0;
				TARGETED_DEVICE_FAMILY = "1,2";
				TEST_TARGET_NAME = Focus_Productivity;
			};
			name = Release;
		};
/* End XCBuildConfiguration section */

/* Begin XCConfigurationList section */
		9853E4A02DCB915800F9A3D3 /* Build configuration list for PBXProject "Focus_Productivity" */ = {
			isa = XCConfigurationList;
			buildConfigurations = (
				9853E4D42DCB915A00F9A3D3 /* Debug */,
				9853E4D52DCB915A00F9A3D3 /* Release */,
			);
			defaultConfigurationIsVisible = 0;
			defaultConfigurationName = Release;
		};
		9853E4D12DCB915A00F9A3D3 /* Build configuration list for PBXNativeTarget "Focus_Productivity" */ = {
			isa = XCConfigurationList;
			buildConfigurations = (
				9853E4D22DCB915A00F9A3D3 /* Debug */,
				9853E4D32DCB915A00F9A3D3 /* Release */,
			);
			defaultConfigurationIsVisible = 0;
			defaultConfigurationName = Release;
		};
		9853E4D62DCB915A00F9A3D3 /* Build configuration list for PBXNativeTarget "Focus_ProductivityTests" */ = {
			isa = XCConfigurationList;
			buildConfigurations = (
				9853E4D72DCB915A00F9A3D3 /* Debug */,
				9853E4D82DCB915A00F9A3D3 /* Release */,
			);
			defaultConfigurationIsVisible = 0;
			defaultConfigurationName = Release;
		};
		9853E4D92DCB915A00F9A3D3 /* Build configuration list for PBXNativeTarget "Focus_ProductivityUITests" */ = {
			isa = XCConfigurationList;
			buildConfigurations = (
				9853E4DA2DCB915A00F9A3D3 /* Debug */,
				9853E4DB2DCB915A00F9A3D3 /* Release */,
			);
			defaultConfigurationIsVisible = 0;
			defaultConfigurationName = Release;
		};
/* End XCConfigurationList section */
	};
	rootObject = 9853E49D2DCB915800F9A3D3 /* Project object */;
}
